
Microsoft Visual Studio Solution File, Format Version 12.00
# Visual Studio 15
VisualStudioVersion = 15.0.28010.2019
MinimumVisualStudioVersion = 10.0.40219.1
Project("{FAE04EC0-301F-11D3-BF4B-00C04F79EFBC}") = "SignalR", "SignalR\SignalR.csproj", "{5BA10A54-2F55-4904-9A43-4133E81A30A8}"
EndProject
Global
	GlobalSection(SolutionConfigurationPlatforms) = preSolution
		Debug|Any CPU = Debug|Any CPU
		Release|Any CPU = Release|Any CPU
	EndGlobalSection
	GlobalSection(ProjectConfigurationPlatforms) = postSolution
		{5BA10A54-2F55-4904-9A43-4133E81A30A8}.Debug|Any CPU.ActiveCfg = Debug|Any CPU
		{5BA10A54-2F55-4904-9A43-4133E81A30A8}.Debug|Any CPU.Build.0 = Debug|Any CPU
		{5BA10A54-2F55-4904-9A43-4133E81A30A8}.Release|Any CPU.ActiveCfg = Release|Any CPU
		{5BA10A54-2F55-4904-9A43-4133E81A30A8}.Release|Any CPU.Build.0 = Release|Any CPU
	EndGlobalSection
	GlobalSection(SolutionProperties) = preSolution
		HideSolutionNode = FALSE
	EndGlobalSection
	GlobalSection(ExtensibilityGlobals) = postSolution
		SolutionGuid = {BA8693F7-B0F9-496A-A7CB-33BFB186559F}
	EndGlobalSection
EndGlobal
